
Microsoft Visual Studio Solution File, Format Version 12.00
# Visual Studio 14
VisualStudioVersion = 14.0.25123.0
MinimumVisualStudioVersion = 10.0.40219.1
Project("{D2B96DCA-6D09-440D-9469-48BBC425D9EC}") = "Sitecore.Support.201746", "Sitecore.Support.201746\Sitecore.Support.201746.csproj", "{F40F12C2-9C69-409F-AA71-10410FB80E5E}"
EndProject
Global
	GlobalSection(SolutionConfigurationPlatforms) = preSolution
		Debug|Any CPU = Debug|Any CPU
		Release|Any CPU = Release|Any CPU
	EndGlobalSection
	GlobalSection(ProjectConfigurationPlatforms) = postSolution
		{F40F12C2-9C69-409F-AA71-10410FB80E5E}.Debug|Any CPU.ActiveCfg = Debug|Any CPU
		{F40F12C2-9C69-409F-AA71-10410FB80E5E}.Debug|Any CPU.Build.0 = Debug|Any CPU
		{F40F12C2-9C69-409F-AA71-10410FB80E5E}.Release|Any CPU.ActiveCfg = Release|Any CPU
		{F40F12C2-9C69-409F-AA71-10410FB80E5E}.Release|Any CPU.Build.0 = Release|Any CPU
	EndGlobalSection
	GlobalSection(SolutionProperties) = preSolution
		HideSolutionNode = FALSE
	EndGlobalSection
EndGlobal
